
Microsoft Visual Studio Solution File, Format Version 12.00
# Visual Studio Version 18
VisualStudioVersion = 18.3.11505.172 d18.3
MinimumVisualStudioVersion = 10.0.40219.1
Project("{FAE04EC0-301F-11D3-BF4B-00C04F79EFBC}") = "MinecraftClientGUI", "MinecraftClientGUI\MinecraftClientGUI.csproj", "{B9E600B3-C8F0-4BF8-85E1-C164956B0B0D}"
EndProject
Global
	GlobalSection(SolutionConfigurationPlatforms) = preSolution
		Debug|x86 = Debug|x86
		Release|x86 = Release|x86
	EndGlobalSection
	GlobalSection(ProjectConfigurationPlatforms) = postSolution
		{B9E600B3-C8F0-4BF8-85E1-C164956B0B0D}.Debug|x86.ActiveCfg = Release|x86
		{B9E600B3-C8F0-4BF8-85E1-C164956B0B0D}.Debug|x86.Build.0 = Release|x86
		{B9E600B3-C8F0-4BF8-85E1-C164956B0B0D}.Release|x86.ActiveCfg = Release|x86
		{B9E600B3-C8F0-4BF8-85E1-C164956B0B0D}.Release|x86.Build.0 = Release|x86
	EndGlobalSection
	GlobalSection(SolutionProperties) = preSolution
		HideSolutionNode = FALSE
	EndGlobalSection
EndGlobal
