
Microsoft Visual Studio Solution File, Format Version 11.00
# Visual Studio 2010
Project("{FAE04EC0-301F-11D3-BF4B-00C04F79EFBC}") = "MinecraftClient", "MinecraftClient\MinecraftClient.csproj", "{1E2FACE4-F5CA-4323-9641-740C6A551770}"
EndProject
Project("{FAE04EC0-301F-11D3-BF4B-00C04F79EFBC}") = "MinecraftClientTestProject", "MinecraftClientTestProject\MinecraftClientTestProject.csproj", "{FA8E9883-9A69-4D6F-AA5C-DB6A1A78214E}"
EndProject
Global
	GlobalSection(SolutionConfigurationPlatforms) = preSolution
		Debug|x86 = Debug|x86
		Release|x86 = Release|x86
	EndGlobalSection
	GlobalSection(ProjectConfigurationPlatforms) = postSolution
		{FA8E9883-9A69-4D6F-AA5C-DB6A1A78214E}.Debug|x86.ActiveCfg = Debug|Any CPU
		{FA8E9883-9A69-4D6F-AA5C-DB6A1A78214E}.Debug|x86.Build.0 = Debug|Any CPU
		{FA8E9883-9A69-4D6F-AA5C-DB6A1A78214E}.Release|x86.ActiveCfg = Release|Any CPU
		{FA8E9883-9A69-4D6F-AA5C-DB6A1A78214E}.Release|x86.Build.0 = Release|Any CPU
		{1E2FACE4-F5CA-4323-9641-740C6A551770}.Debug|x86.ActiveCfg = Debug|Any CPU
		{1E2FACE4-F5CA-4323-9641-740C6A551770}.Debug|x86.Build.0 = Debug|Any CPU
	EndGlobalSection
	GlobalSection(SolutionProperties) = preSolution
		HideSolutionNode = FALSE
	EndGlobalSection
EndGlobal
