
Microsoft Visual Studio Solution File, Format Version 12.00
# Visual Studio Version 17
VisualStudioVersion = 17.3.32901.215
MinimumVisualStudioVersion = 10.0.40219.1
Project("{9A19103F-16F7-4668-BE54-9A1E7A4F7556}") = "MinecraftClient", "MinecraftClient\MinecraftClient.csproj", "{1E2FACE4-F5CA-4323-9641-740C6A551770}"
EndProject
Project("{9A19103F-16F7-4668-BE54-9A1E7A4F7556}") = "ConsoleInteractive", "ConsoleInteractive\ConsoleInteractive\ConsoleInteractive\ConsoleInteractive.csproj", "{93DA4D71-EFAD-4493-BE21-A105AF663660}"
EndProject
Global
	GlobalSection(SolutionConfigurationPlatforms) = preSolution
		Debug|Any CPU = Debug|Any CPU
		Release|Any CPU = Release|Any CPU
	EndGlobalSection
	GlobalSection(ProjectConfigurationPlatforms) = postSolution
		{1E2FACE4-F5CA-4323-9641-740C6A551770}.Debug|Any CPU.ActiveCfg = Debug|Any CPU
		{1E2FACE4-F5CA-4323-9641-740C6A551770}.Debug|Any CPU.Build.0 = Debug|Any CPU
		{1E2FACE4-F5CA-4323-9641-740C6A551770}.Release|Any CPU.ActiveCfg = Release|Any CPU
		{1E2FACE4-F5CA-4323-9641-740C6A551770}.Release|Any CPU.Build.0 = Release|Any CPU
		{93DA4D71-EFAD-4493-BE21-A105AF663660}.Debug|Any CPU.ActiveCfg = Debug|Any CPU
		{93DA4D71-EFAD-4493-BE21-A105AF663660}.Debug|Any CPU.Build.0 = Debug|Any CPU
		{93DA4D71-EFAD-4493-BE21-A105AF663660}.Release|Any CPU.ActiveCfg = Release|Any CPU
		{93DA4D71-EFAD-4493-BE21-A105AF663660}.Release|Any CPU.Build.0 = Release|Any CPU
	EndGlobalSection
	GlobalSection(SolutionProperties) = preSolution
		HideSolutionNode = FALSE
	EndGlobalSection
	GlobalSection(ExtensibilityGlobals) = postSolution
		RESX_ShowErrorsInErrorList = False
		SolutionGuid = {6DED60F4-9CF4-4DB3-8966-582B2EBE8487}
		RESX_SortFileContentOnSave = False
	EndGlobalSection
EndGlobal
