
Microsoft Visual Studio Solution File, Format Version 12.00
Project("{FAE04EC0-301F-11D3-BF4B-00C04F79EFBC}") = "ConsoleInteractive", "ConsoleInteractive\ConsoleInteractive.csproj", "{0218FA88-1B67-4F1D-8D5A-59D74CBFBE1C}"
EndProject
Project("{FAE04EC0-301F-11D3-BF4B-00C04F79EFBC}") = "ConsoleInteractiveDemo", "ConsoleInteractiveDemo\ConsoleInteractiveDemo.csproj", "{F57061D9-7400-4990-89BF-46B25D2F500A}"
EndProject
Global
	GlobalSection(SolutionConfigurationPlatforms) = preSolution
		Debug|Any CPU = Debug|Any CPU
		Release|Any CPU = Release|Any CPU
	EndGlobalSection
	GlobalSection(ProjectConfigurationPlatforms) = postSolution
		{0218FA88-1B67-4F1D-8D5A-59D74CBFBE1C}.Debug|Any CPU.ActiveCfg = Debug|Any CPU
		{0218FA88-1B67-4F1D-8D5A-59D74CBFBE1C}.Debug|Any CPU.Build.0 = Debug|Any CPU
		{0218FA88-1B67-4F1D-8D5A-59D74CBFBE1C}.Release|Any CPU.ActiveCfg = Release|Any CPU
		{0218FA88-1B67-4F1D-8D5A-59D74CBFBE1C}.Release|Any CPU.Build.0 = Release|Any CPU
		{F57061D9-7400-4990-89BF-46B25D2F500A}.Debug|Any CPU.ActiveCfg = Debug|Any CPU
		{F57061D9-7400-4990-89BF-46B25D2F500A}.Debug|Any CPU.Build.0 = Debug|Any CPU
		{F57061D9-7400-4990-89BF-46B25D2F500A}.Release|Any CPU.ActiveCfg = Release|Any CPU
		{F57061D9-7400-4990-89BF-46B25D2F500A}.Release|Any CPU.Build.0 = Release|Any CPU
	EndGlobalSection
EndGlobal
